// !$*UTF8*$!
{
	archiveVersion = 1;
	classes = {
	};
	objectVersion = 56;
	objects = {

/* Begin PBXBuildFile section */
		141AED122FE0A56D005C60EB /* RegisterView.swift in Sources */ = {isa = PBXBuildFile; fileRef = 141AED112FE0A565005C60EB /* RegisterView.swift */; };
		14221B9B2FE4422E00E22EFC /* LabeledField.swift in Sources */ = {isa = PBXBuildFile; fileRef = 14221B9A2FE4422000E22EFC /* LabeledField.swift */; };
		143BDD3C2FF5AD7200C2E0A5 /* CachedImage.swift in Sources */ = {isa = PBXBuildFile; fileRef = 143BDD3B2FF5AD6900C2E0A5 /* CachedImage.swift */; };
		143BDD512FF687B300C2E0A5 /* Itinerary.swift in Sources */ = {isa = PBXBuildFile; fileRef = 143BDD502FF687A800C2E0A5 /* Itinerary.swift */; };
		143BDD532FF6AB5A00C2E0A5 /* ItineraryService.swift in Sources */ = {isa = PBXBuildFile; fileRef = 143BDD522FF6AB5000C2E0A5 /* ItineraryService.swift */; };
		143BDD552FF6AB8000C2E0A5 /* ItineraryViewModel.swift in Sources */ = {isa = PBXBuildFile; fileRef = 143BDD542FF6AB7600C2E0A5 /* ItineraryViewModel.swift */; };
		143BDD572FF6AE7700C2E0A5 /* ItineraryCard.swift in Sources */ = {isa = PBXBuildFile; fileRef = 143BDD562FF6AE6F00C2E0A5 /* ItineraryCard.swift */; };
		143BDD592FF6AEE700C2E0A5 /* ItineraryListView.swift in Sources */ = {isa = PBXBuildFile; fileRef = 143BDD582FF6AEDB00C2E0A5 /* ItineraryListView.swift */; };
		143BDD662FF6C15800C2E0A5 /* NewTripViewModel.swift in Sources */ = {isa = PBXBuildFile; fileRef = 143BDD652FF6C14F00C2E0A5 /* NewTripViewModel.swift */; };
		143BDD682FF6C18C00C2E0A5 /* RangeCalendar.swift in Sources */ = {isa = PBXBuildFile; fileRef = 143BDD672FF6C17E00C2E0A5 /* RangeCalendar.swift */; };
		143BDD6A2FF6C1AC00C2E0A5 /* NewTripDatesView.swift in Sources */ = {isa = PBXBuildFile; fileRef = 143BDD692FF6C19A00C2E0A5 /* NewTripDatesView.swift */; };
		143BDD6C2FF6CBF600C2E0A5 /* SelectablePOICard.swift in Sources */ = {isa = PBXBuildFile; fileRef = 143BDD6B2FF6CBED00C2E0A5 /* SelectablePOICard.swift */; };
		143BDD6E2FF6CF3800C2E0A5 /* ChoosePlacesView.swift in Sources */ = {isa = PBXBuildFile; fileRef = 143BDD6D2FF6CF2E00C2E0A5 /* ChoosePlacesView.swift */; };
		143BDD722FF6F97200C2E0A5 /* SavedPOIService.swift in Sources */ = {isa = PBXBuildFile; fileRef = 143BDD712FF6F96800C2E0A5 /* SavedPOIService.swift */; };
		143BDD762FF7052D00C2E0A5 /* SavedPOIStore.swift in Sources */ = {isa = PBXBuildFile; fileRef = 143BDD752FF7051200C2E0A5 /* SavedPOIStore.swift */; };
		143BDD782FF7139C00C2E0A5 /* SavedView.swift in Sources */ = {isa = PBXBuildFile; fileRef = 143BDD772FF7139400C2E0A5 /* SavedView.swift */; };
		145E65103000C59500FC3ADC /* NewChoosePlaceView.swift in Sources */ = {isa = PBXBuildFile; fileRef = 145E650F3000C58D00FC3ADC /* NewChoosePlaceView.swift */; };
		145FA46F2FED9899008A435E /* POI.swift in Sources */ = {isa = PBXBuildFile; fileRef = 145FA46E2FED9895008A435E /* POI.swift */; };
		145FA4712FED9A0C008A435E /* APIConfig.swift in Sources */ = {isa = PBXBuildFile; fileRef = 145FA4702FED9A05008A435E /* APIConfig.swift */; };
		145FA4732FED9B44008A435E /* POIService.swift in Sources */ = {isa = PBXBuildFile; fileRef = 145FA4722FED9B3E008A435E /* POIService.swift */; };
		145FA4752FEDD165008A435E /* NetworkError.swift in Sources */ = {isa = PBXBuildFile; fileRef = 145FA4742FEDD15E008A435E /* NetworkError.swift */; };
		145FA4772FEDD413008A435E /* ExploreViewModel.swift in Sources */ = {isa = PBXBuildFile; fileRef = 145FA4762FEDD3F7008A435E /* ExploreViewModel.swift */; };
		145FA4792FEDD47F008A435E /* ExploreView.swift in Sources */ = {isa = PBXBuildFile; fileRef = 145FA4782FEDD470008A435E /* ExploreView.swift */; };
		145FA47B2FEDD59F008A435E /* PlacesCard.swift in Sources */ = {isa = PBXBuildFile; fileRef = 145FA47A2FEDD598008A435E /* PlacesCard.swift */; };
		1462181C2FFF824100BE789B /* ItineraryDetailViewModel.swift in Sources */ = {isa = PBXBuildFile; fileRef = 1462181B2FFF823A00BE789B /* ItineraryDetailViewModel.swift */; };
		1462181E2FFF83B400BE789B /* ItineraryDetailView.swift in Sources */ = {isa = PBXBuildFile; fileRef = 1462181D2FFF83AE00BE789B /* ItineraryDetailView.swift */; };
		149CEF1E2FFB3F84008B3D1C /* HTTPMethods.swift in Sources */ = {isa = PBXBuildFile; fileRef = 149CEF1D2FFB3F7B008B3D1C /* HTTPMethods.swift */; };
		149CEF202FFB3FDF008B3D1C /* APIClient.swift in Sources */ = {isa = PBXBuildFile; fileRef = 149CEF1F2FFB3FDC008B3D1C /* APIClient.swift */; };
		14AAAA022FEE0000008A435E /* OffpeakTheme.swift in Sources */ = {isa = PBXBuildFile; fileRef = 14AAAA012FEE0000008A435E /* OffpeakTheme.swift */; };
		14B082722FF31F01002BCFDA /* POIDetail.swift in Sources */ = {isa = PBXBuildFile; fileRef = 14B082712FF31EFE002BCFDA /* POIDetail.swift */; };
		14B082742FF33F79002BCFDA /* POIDetailView.swift in Sources */ = {isa = PBXBuildFile; fileRef = 14B082732FF33F77002BCFDA /* POIDetailView.swift */; };
		14B082762FF34083002BCFDA /* CrowdForecast.swift in Sources */ = {isa = PBXBuildFile; fileRef = 14B082752FF34079002BCFDA /* CrowdForecast.swift */; };
		14B082782FF442CD002BCFDA /* PreviewData.swift in Sources */ = {isa = PBXBuildFile; fileRef = 14B082772FF442C7002BCFDA /* PreviewData.swift */; };
		14B0827A2FF46A47002BCFDA /* POIDetailViewModel.swift in Sources */ = {isa = PBXBuildFile; fileRef = 14B082792FF46A44002BCFDA /* POIDetailViewModel.swift */; };
		14ED6AD92FE96C2800DCEA7F /* AuthValidator.swift in Sources */ = {isa = PBXBuildFile; fileRef = 14ED6AD82FE96C1C00DCEA7F /* AuthValidator.swift */; };
		14ED6ADB2FE9CA0500DCEA7F /* AuthModels.swift in Sources */ = {isa = PBXBuildFile; fileRef = 14ED6ADA2FE9C9F300DCEA7F /* AuthModels.swift */; };
		14ED6ADD2FE9CBC800DCEA7F /* AuthService.swift in Sources */ = {isa = PBXBuildFile; fileRef = 14ED6ADC2FE9CBC300DCEA7F /* AuthService.swift */; };
		14ED6ADF2FEB251A00DCEA7F /* TokenStore.swift in Sources */ = {isa = PBXBuildFile; fileRef = 14ED6ADE2FEB251400DCEA7F /* TokenStore.swift */; };
		A11D0000000000000000B001 /* AIModels.swift in Sources */ = {isa = PBXBuildFile; fileRef = A11D0000000000000000A001 /* AIModels.swift */; };
		A11D0000000000000000B002 /* AIPlannerViewModel.swift in Sources */ = {isa = PBXBuildFile; fileRef = A11D0000000000000000A002 /* AIPlannerViewModel.swift */; };
		A11D0000000000000000B003 /* AIPlannerView.swift in Sources */ = {isa = PBXBuildFile; fileRef = A11D0000000000000000A003 /* AIPlannerView.swift */; };
		A11D0000000000000000B004 /* AIPlannerService.swift in Sources */ = {isa = PBXBuildFile; fileRef = A11D0000000000000000A004 /* AIPlannerService.swift */; };
		AA0000000000000000000030 /* ManhattanTravelAppApp.swift in Sources */ = {isa = PBXBuildFile; fileRef = AA0000000000000000000020 /* ManhattanTravelAppApp.swift */; };
		AA0000000000000000000031 /* ContentView.swift in Sources */ = {isa = PBXBuildFile; fileRef = AA0000000000000000000021 /* ContentView.swift */; };
		AA0000000000000000000032 /* Assets.xcassets in Resources */ = {isa = PBXBuildFile; fileRef = AA0000000000000000000022 /* Assets.xcassets */; };
		AA0000000000000000000033 /* User.swift in Sources */ = {isa = PBXBuildFile; fileRef = AA0000000000000000000023 /* User.swift */; };
		AA0000000000000000000034 /* AuthManager.swift in Sources */ = {isa = PBXBuildFile; fileRef = AA0000000000000000000024 /* AuthManager.swift */; };
		AA0000000000000000000035 /* LoginView.swift in Sources */ = {isa = PBXBuildFile; fileRef = AA0000000000000000000025 /* LoginView.swift */; };
		AA0000000000000000000036 /* ProfileView.swift in Sources */ = {isa = PBXBuildFile; fileRef = AA0000000000000000000026 /* ProfileView.swift */; };
		AA0000000000000000000037 /* MainTabView.swift in Sources */ = {isa = PBXBuildFile; fileRef = AA0000000000000000000027 /* MainTabView.swift */; };
		DD00000000000000000000A2 /* OptimizedItinerary.swift in Sources */ = {isa = PBXBuildFile; fileRef = DD00000000000000000000A1 /* OptimizedItinerary.swift */; };
		DD00000000000000000000B2 /* OptimizingView.swift in Sources */ = {isa = PBXBuildFile; fileRef = DD00000000000000000000B1 /* OptimizingView.swift */; };
		DD00000000000000000000C2 /* OptimizedItineraryView.swift in Sources */ = {isa = PBXBuildFile; fileRef = DD00000000000000000000C1 /* OptimizedItineraryView.swift */; };
		DD0000000000000000000B02 /* GeneratedItinerary.swift in Sources */ = {isa = PBXBuildFile; fileRef = DD0000000000000000000B01 /* GeneratedItinerary.swift */; };
		DD0000000000000000000C02 /* LoggedOutPrompt.swift in Sources */ = {isa = PBXBuildFile; fileRef = DD0000000000000000000C01 /* LoggedOutPrompt.swift */; };
/* End PBXBuildFile section */

/* Begin PBXFileReference section */
		141AED112FE0A565005C60EB /* RegisterView.swift */ = {isa = PBXFileReference; lastKnownFileType = sourcecode.swift; path = RegisterView.swift; sourceTree = "<group>"; };
		14221B9A2FE4422000E22EFC /* LabeledField.swift */ = {isa = PBXFileReference; lastKnownFileType = sourcecode.swift; path = LabeledField.swift; sourceTree = "<group>"; };
		143BDD3B2FF5AD6900C2E0A5 /* CachedImage.swift */ = {isa = PBXFileReference; lastKnownFileType = sourcecode.swift; path = CachedImage.swift; sourceTree = "<group>"; };
		143BDD502FF687A800C2E0A5 /* Itinerary.swift */ = {isa = PBXFileReference; lastKnownFileType = sourcecode.swift; path = Itinerary.swift; sourceTree = "<group>"; };
		143BDD522FF6AB5000C2E0A5 /* ItineraryService.swift */ = {isa = PBXFileReference; lastKnownFileType = sourcecode.swift; path = ItineraryService.swift; sourceTree = "<group>"; };
		143BDD542FF6AB7600C2E0A5 /* ItineraryViewModel.swift */ = {isa = PBXFileReference; lastKnownFileType = sourcecode.swift; path = ItineraryViewModel.swift; sourceTree = "<group>"; };
		143BDD562FF6AE6F00C2E0A5 /* ItineraryCard.swift */ = {isa = PBXFileReference; lastKnownFileType = sourcecode.swift; path = ItineraryCard.swift; sourceTree = "<group>"; };
		143BDD582FF6AEDB00C2E0A5 /* ItineraryListView.swift */ = {isa = PBXFileReference; lastKnownFileType = sourcecode.swift; path = ItineraryListView.swift; sourceTree = "<group>"; };
		143BDD652FF6C14F00C2E0A5 /* NewTripViewModel.swift */ = {isa = PBXFileReference; lastKnownFileType = sourcecode.swift; path = NewTripViewModel.swift; sourceTree = "<group>"; };
		143BDD672FF6C17E00C2E0A5 /* RangeCalendar.swift */ = {isa = PBXFileReference; lastKnownFileType = sourcecode.swift; path = RangeCalendar.swift; sourceTree = "<group>"; };
		143BDD692FF6C19A00C2E0A5 /* NewTripDatesView.swift */ = {isa = PBXFileReference; lastKnownFileType = sourcecode.swift; path = NewTripDatesView.swift; sourceTree = "<group>"; };
		143BDD6B2FF6CBED00C2E0A5 /* SelectablePOICard.swift */ = {isa = PBXFileReference; lastKnownFileType = sourcecode.swift; path = SelectablePOICard.swift; sourceTree = "<group>"; };
		143BDD6D2FF6CF2E00C2E0A5 /* ChoosePlacesView.swift */ = {isa = PBXFileReference; lastKnownFileType = sourcecode.swift; path = ChoosePlacesView.swift; sourceTree = "<group>"; };
		143BDD712FF6F96800C2E0A5 /* SavedPOIService.swift */ = {isa = PBXFileReference; lastKnownFileType = sourcecode.swift; path = SavedPOIService.swift; sourceTree = "<group>"; };
		143BDD752FF7051200C2E0A5 /* SavedPOIStore.swift */ = {isa = PBXFileReference; lastKnownFileType = sourcecode.swift; path = SavedPOIStore.swift; sourceTree = "<group>"; };
		143BDD772FF7139400C2E0A5 /* SavedView.swift */ = {isa = PBXFileReference; lastKnownFileType = sourcecode.swift; path = SavedView.swift; sourceTree = "<group>"; };
		145E650F3000C58D00FC3ADC /* NewChoosePlaceView.swift */ = {isa = PBXFileReference; lastKnownFileType = sourcecode.swift; path = NewChoosePlaceView.swift; sourceTree = "<group>"; };
		145FA46E2FED9895008A435E /* POI.swift */ = {isa = PBXFileReference; lastKnownFileType = sourcecode.swift; path = POI.swift; sourceTree = "<group>"; };
		145FA4702FED9A05008A435E /* APIConfig.swift */ = {isa = PBXFileReference; lastKnownFileType = sourcecode.swift; path = APIConfig.swift; sourceTree = "<group>"; };
		145FA4722FED9B3E008A435E /* POIService.swift */ = {isa = PBXFileReference; lastKnownFileType = sourcecode.swift; path = POIService.swift; sourceTree = "<group>"; };
		145FA4742FEDD15E008A435E /* NetworkError.swift */ = {isa = PBXFileReference; lastKnownFileType = sourcecode.swift; path = NetworkError.swift; sourceTree = "<group>"; };
		145FA4762FEDD3F7008A435E /* ExploreViewModel.swift */ = {isa = PBXFileReference; lastKnownFileType = sourcecode.swift; path = ExploreViewModel.swift; sourceTree = "<group>"; };
		145FA4782FEDD470008A435E /* ExploreView.swift */ = {isa = PBXFileReference; lastKnownFileType = sourcecode.swift; path = ExploreView.swift; sourceTree = "<group>"; };
		145FA47A2FEDD598008A435E /* PlacesCard.swift */ = {isa = PBXFileReference; lastKnownFileType = sourcecode.swift; path = PlacesCard.swift; sourceTree = "<group>"; };
		1462181B2FFF823A00BE789B /* ItineraryDetailViewModel.swift */ = {isa = PBXFileReference; lastKnownFileType = sourcecode.swift; path = ItineraryDetailViewModel.swift; sourceTree = "<group>"; };
		1462181D2FFF83AE00BE789B /* ItineraryDetailView.swift */ = {isa = PBXFileReference; lastKnownFileType = sourcecode.swift; path = ItineraryDetailView.swift; sourceTree = "<group>"; };
		149CEF1D2FFB3F7B008B3D1C /* HTTPMethods.swift */ = {isa = PBXFileReference; lastKnownFileType = sourcecode.swift; path = HTTPMethods.swift; sourceTree = "<group>"; };
		149CEF1F2FFB3FDC008B3D1C /* APIClient.swift */ = {isa = PBXFileReference; lastKnownFileType = sourcecode.swift; path = APIClient.swift; sourceTree = "<group>"; };
		14AAAA012FEE0000008A435E /* OffpeakTheme.swift */ = {isa = PBXFileReference; lastKnownFileType = sourcecode.swift; path = OffpeakTheme.swift; sourceTree = "<group>"; };
		14B082712FF31EFE002BCFDA /* POIDetail.swift */ = {isa = PBXFileReference; lastKnownFileType = sourcecode.swift; path = POIDetail.swift; sourceTree = "<group>"; };
		14B082732FF33F77002BCFDA /* POIDetailView.swift */ = {isa = PBXFileReference; lastKnownFileType = sourcecode.swift; path = POIDetailView.swift; sourceTree = "<group>"; };
		14B082752FF34079002BCFDA /* CrowdForecast.swift */ = {isa = PBXFileReference; lastKnownFileType = sourcecode.swift; path = CrowdForecast.swift; sourceTree = "<group>"; };
		14B082772FF442C7002BCFDA /* PreviewData.swift */ = {isa = PBXFileReference; lastKnownFileType = sourcecode.swift; path = PreviewData.swift; sourceTree = "<group>"; };
		14B082792FF46A44002BCFDA /* POIDetailViewModel.swift */ = {isa = PBXFileReference; lastKnownFileType = sourcecode.swift; path = POIDetailViewModel.swift; sourceTree = "<group>"; };
		14ED6AD82FE96C1C00DCEA7F /* AuthValidator.swift */ = {isa = PBXFileReference; lastKnownFileType = sourcecode.swift; path = AuthValidator.swift; sourceTree = "<group>"; };
		14ED6ADA2FE9C9F300DCEA7F /* AuthModels.swift */ = {isa = PBXFileReference; lastKnownFileType = sourcecode.swift; path = AuthModels.swift; sourceTree = "<group>"; };
		14ED6ADC2FE9CBC300DCEA7F /* AuthService.swift */ = {isa = PBXFileReference; lastKnownFileType = sourcecode.swift; path = AuthService.swift; sourceTree = "<group>"; };
		14ED6ADE2FEB251400DCEA7F /* TokenStore.swift */ = {isa = PBXFileReference; lastKnownFileType = sourcecode.swift; path = TokenStore.swift; sourceTree = "<group>"; };
		A11D0000000000000000A001 /* AIModels.swift */ = {isa = PBXFileReference; lastKnownFileType = sourcecode.swift; path = AIModels.swift; sourceTree = "<group>"; };
		A11D0000000000000000A002 /* AIPlannerViewModel.swift */ = {isa = PBXFileReference; lastKnownFileType = sourcecode.swift; path = AIPlannerViewModel.swift; sourceTree = "<group>"; };
		A11D0000000000000000A003 /* AIPlannerView.swift */ = {isa = PBXFileReference; lastKnownFileType = sourcecode.swift; path = AIPlannerView.swift; sourceTree = "<group>"; };
		A11D0000000000000000A004 /* AIPlannerService.swift */ = {isa = PBXFileReference; lastKnownFileType = sourcecode.swift; path = AIPlannerService.swift; sourceTree = "<group>"; };
		AA0000000000000000000009 /* ManhattanTravelApp.app */ = {isa = PBXFileReference; explicitFileType = wrapper.application; includeInIndex = 0; path = ManhattanTravelApp.app; sourceTree = BUILT_PRODUCTS_DIR; };
		AA0000000000000000000020 /* ManhattanTravelAppApp.swift */ = {isa = PBXFileReference; lastKnownFileType = sourcecode.swift; path = ManhattanTravelAppApp.swift; sourceTree = "<group>"; };
		AA0000000000000000000021 /* ContentView.swift */ = {isa = PBXFileReference; lastKnownFileType = sourcecode.swift; path = ContentView.swift; sourceTree = "<group>"; };
		AA0000000000000000000022 /* Assets.xcassets */ = {isa = PBXFileReference; lastKnownFileType = folder.assetcatalog; path = Assets.xcassets; sourceTree = "<group>"; };
		AA0000000000000000000023 /* User.swift */ = {isa = PBXFileReference; lastKnownFileType = sourcecode.swift; path = User.swift; sourceTree = "<group>"; };
		AA0000000000000000000024 /* AuthManager.swift */ = {isa = PBXFileReference; lastKnownFileType = sourcecode.swift; path = AuthManager.swift; sourceTree = "<group>"; };
		AA0000000000000000000025 /* LoginView.swift */ = {isa = PBXFileReference; lastKnownFileType = sourcecode.swift; path = LoginView.swift; sourceTree = "<group>"; };
		AA0000000000000000000026 /* ProfileView.swift */ = {isa = PBXFileReference; lastKnownFileType = sourcecode.swift; path = ProfileView.swift; sourceTree = "<group>"; };
		AA0000000000000000000027 /* MainTabView.swift */ = {isa = PBXFileReference; lastKnownFileType = sourcecode.swift; path = MainTabView.swift; sourceTree = "<group>"; };
		DD00000000000000000000A1 /* OptimizedItinerary.swift */ = {isa = PBXFileReference; lastKnownFileType = sourcecode.swift; path = OptimizedItinerary.swift; sourceTree = "<group>"; };
		DD00000000000000000000B1 /* OptimizingView.swift */ = {isa = PBXFileReference; lastKnownFileType = sourcecode.swift; path = OptimizingView.swift; sourceTree = "<group>"; };
		DD00000000000000000000C1 /* OptimizedItineraryView.swift */ = {isa = PBXFileReference; lastKnownFileType = sourcecode.swift; path = OptimizedItineraryView.swift; sourceTree = "<group>"; };
		DD0000000000000000000B01 /* GeneratedItinerary.swift */ = {isa = PBXFileReference; lastKnownFileType = sourcecode.swift; path = GeneratedItinerary.swift; sourceTree = "<group>"; };
		DD0000000000000000000C01 /* LoggedOutPrompt.swift */ = {isa = PBXFileReference; lastKnownFileType = sourcecode.swift; path = LoggedOutPrompt.swift; sourceTree = "<group>"; };
/* End PBXFileReference section */

/* Begin PBXFrameworksBuildPhase section */
		AA0000000000000000000011 /* Frameworks */ = {
			isa = PBXFrameworksBuildPhase;
			buildActionMask = 2147483647;
			files = (
			);
			runOnlyForDeploymentPostprocessing = 0;
		};
/* End PBXFrameworksBuildPhase section */

/* Begin PBXGroup section */
		143BDD3D2FF6828500C2E0A5 /* App */ = {
			isa = PBXGroup;
			children = (
				AA0000000000000000000020 /* ManhattanTravelAppApp.swift */,
				AA0000000000000000000021 /* ContentView.swift */,
				AA0000000000000000000027 /* MainTabView.swift */,
			);
			path = App;
			sourceTree = "<group>";
		};
		143BDD3E2FF6829D00C2E0A5 /* Core */ = {
			isa = PBXGroup;
			children = (
				143BDD4B2FF685AA00C2E0A5 /* Storage */,
				143BDD3F2FF682AE00C2E0A5 /* Networking */,
			);
			path = Core;
			sourceTree = "<group>";
		};
		143BDD3F2FF682AE00C2E0A5 /* Networking */ = {
			isa = PBXGroup;
			children = (
				149CEF1F2FFB3FDC008B3D1C /* APIClient.swift */,
				149CEF1D2FFB3F7B008B3D1C /* HTTPMethods.swift */,
				145FA4702FED9A05008A435E /* APIConfig.swift */,
				145FA4742FEDD15E008A435E /* NetworkError.swift */,
			);
			path = Networking;
			sourceTree = "<group>";
		};
		143BDD402FF682D400C2E0A5 /* DesignSystem */ = {
			isa = PBXGroup;
			children = (
				14AAAA012FEE0000008A435E /* OffpeakTheme.swift */,
				143BDD672FF6C17E00C2E0A5 /* RangeCalendar.swift */,
			);
			path = DesignSystem;
			sourceTree = "<group>";
		};
		143BDD412FF6833F00C2E0A5 /* Services */ = {
			isa = PBXGroup;
			children = (
				143BDD712FF6F96800C2E0A5 /* SavedPOIService.swift */,
				A11D0000000000000000A004 /* AIPlannerService.swift */,
				143BDD522FF6AB5000C2E0A5 /* ItineraryService.swift */,
				145FA4722FED9B3E008A435E /* POIService.swift */,
				14ED6ADC2FE9CBC300DCEA7F /* AuthService.swift */,
			);
			path = Services;
			sourceTree = "<group>";
		};
		143BDD422FF6835E00C2E0A5 /* Features */ = {
			isa = PBXGroup;
			children = (
				A11D0000000000000000F001 /* AI */,
				143BDD742FF7011200C2E0A5 /* Saved */,
				143BDD4F2FF6872D00C2E0A5 /* MyItinerary */,
				143BDD472FF683F600C2E0A5 /* Auth */,
				143BDD462FF683E600C2E0A5 /* POICard */,
				143BDD452FF683C100C2E0A5 /* POIDetails */,
				143BDD432FF6836800C2E0A5 /* Explore */,
			);
			path = Features;
			sourceTree = "<group>";
		};
		143BDD432FF6836800C2E0A5 /* Explore */ = {
			isa = PBXGroup;
			children = (
				145FA4782FEDD470008A435E /* ExploreView.swift */,
				145FA4762FEDD3F7008A435E /* ExploreViewModel.swift */,
			);
			path = Explore;
			sourceTree = "<group>";
		};
		143BDD452FF683C100C2E0A5 /* POIDetails */ = {
			isa = PBXGroup;
			children = (
				14B082792FF46A44002BCFDA /* POIDetailViewModel.swift */,
				14B082732FF33F77002BCFDA /* POIDetailView.swift */,
			);
			path = POIDetails;
			sourceTree = "<group>";
		};
		143BDD462FF683E600C2E0A5 /* POICard */ = {
			isa = PBXGroup;
			children = (
				145FA47A2FEDD598008A435E /* PlacesCard.swift */,
				143BDD3B2FF5AD6900C2E0A5 /* CachedImage.swift */,
			);
			path = POICard;
			sourceTree = "<group>";
		};
		143BDD472FF683F600C2E0A5 /* Auth */ = {
			isa = PBXGroup;
			children = (
				14221B9A2FE4422000E22EFC /* LabeledField.swift */,
				DD0000000000000000000C01 /* LoggedOutPrompt.swift */,
				AA0000000000000000000024 /* AuthManager.swift */,
				AA0000000000000000000025 /* LoginView.swift */,
				141AED112FE0A565005C60EB /* RegisterView.swift */,
				AA0000000000000000000026 /* ProfileView.swift */,
				14ED6AD82FE96C1C00DCEA7F /* AuthValidator.swift */,
				14ED6ADA2FE9C9F300DCEA7F /* AuthModels.swift */,
			);
			path = Auth;
			sourceTree = "<group>";
		};
		143BDD4A2FF6855300C2E0A5 /* PreviewContent */ = {
			isa = PBXGroup;
			children = (
				14B082772FF442C7002BCFDA /* PreviewData.swift */,
			);
			path = PreviewContent;
			sourceTree = "<group>";
		};
		143BDD4B2FF685AA00C2E0A5 /* Storage */ = {
			isa = PBXGroup;
			children = (
				14ED6ADE2FEB251400DCEA7F /* TokenStore.swift */,
			);
			path = Storage;
			sourceTree = "<group>";
		};
		143BDD4F2FF6872D00C2E0A5 /* MyItinerary */ = {
			isa = PBXGroup;
			children = (
				146218182FFF821500BE789B /* ItineraryDetail */,
				143BDD622FF6C13500C2E0A5 /* NewTrip */,
				143BDD582FF6AEDB00C2E0A5 /* ItineraryListView.swift */,
				143BDD562FF6AE6F00C2E0A5 /* ItineraryCard.swift */,
				143BDD542FF6AB7600C2E0A5 /* ItineraryViewModel.swift */,
			);
			path = MyItinerary;
			sourceTree = "<group>";
		};
		143BDD622FF6C13500C2E0A5 /* NewTrip */ = {
			isa = PBXGroup;
			children = (
				143BDD6D2FF6CF2E00C2E0A5 /* ChoosePlacesView.swift */,
				145E650F3000C58D00FC3ADC /* NewChoosePlaceView.swift */,
				143BDD6B2FF6CBED00C2E0A5 /* SelectablePOICard.swift */,
				143BDD692FF6C19A00C2E0A5 /* NewTripDatesView.swift */,
				143BDD652FF6C14F00C2E0A5 /* NewTripViewModel.swift */,
				DD00000000000000000000B1 /* OptimizingView.swift */,
				DD00000000000000000000C1 /* OptimizedItineraryView.swift */,
			);
			path = NewTrip;
			sourceTree = "<group>";
		};
		143BDD742FF7011200C2E0A5 /* Saved */ = {
			isa = PBXGroup;
			children = (
				143BDD772FF7139400C2E0A5 /* SavedView.swift */,
				143BDD752FF7051200C2E0A5 /* SavedPOIStore.swift */,
			);
			path = Saved;
			sourceTree = "<group>";
		};
		146218182FFF821500BE789B /* ItineraryDetail */ = {
			isa = PBXGroup;
			children = (
				1462181D2FFF83AE00BE789B /* ItineraryDetailView.swift */,
				1462181B2FFF823A00BE789B /* ItineraryDetailViewModel.swift */,
			);
			path = ItineraryDetail;
			sourceTree = "<group>";
		};
		A11D0000000000000000F001 /* AI */ = {
			isa = PBXGroup;
			children = (
				A11D0000000000000000A003 /* AIPlannerView.swift */,
				A11D0000000000000000A002 /* AIPlannerViewModel.swift */,
			);
			path = AI;
			sourceTree = "<group>";
		};
		AA0000000000000000000002 = {
			isa = PBXGroup;
			children = (
				AA0000000000000000000004 /* ManhattanTravelApp */,
				AA0000000000000000000003 /* Products */,
			);
			sourceTree = "<group>";
		};
		AA0000000000000000000003 /* Products */ = {
			isa = PBXGroup;
			children = (
				AA0000000000000000000009 /* ManhattanTravelApp.app */,
			);
			name = Products;
			sourceTree = "<group>";
		};
		AA0000000000000000000004 /* ManhattanTravelApp */ = {
			isa = PBXGroup;
			children = (
				143BDD4A2FF6855300C2E0A5 /* PreviewContent */,
				143BDD422FF6835E00C2E0A5 /* Features */,
				143BDD412FF6833F00C2E0A5 /* Services */,
				143BDD3D2FF6828500C2E0A5 /* App */,
				AA0000000000000000000005 /* Models */,
				AA0000000000000000000022 /* Assets.xcassets */,
				143BDD3E2FF6829D00C2E0A5 /* Core */,
				143BDD402FF682D400C2E0A5 /* DesignSystem */,
			);
			path = ManhattanTravelApp;
			sourceTree = "<group>";
		};
		AA0000000000000000000005 /* Models */ = {
			isa = PBXGroup;
			children = (
				143BDD502FF687A800C2E0A5 /* Itinerary.swift */,
				DD0000000000000000000B01 /* GeneratedItinerary.swift */,
				DD00000000000000000000A1 /* OptimizedItinerary.swift */,
				145FA46E2FED9895008A435E /* POI.swift */,
				AA0000000000000000000023 /* User.swift */,
				14B082712FF31EFE002BCFDA /* POIDetail.swift */,
				14B082752FF34079002BCFDA /* CrowdForecast.swift */,
				A11D0000000000000000A001 /* AIModels.swift */,
			);
			path = Models;
			sourceTree = "<group>";
		};
/* End PBXGroup section */

/* Begin PBXNativeTarget section */
		AA0000000000000000000008 /* ManhattanTravelApp */ = {
			isa = PBXNativeTarget;
			buildConfigurationList = AA000000000000000000000D /* Build configuration list for PBXNativeTarget "ManhattanTravelApp" */;
			buildPhases = (
				AA0000000000000000000010 /* Sources */,
				AA0000000000000000000011 /* Frameworks */,
				AA0000000000000000000012 /* Resources */,
			);
			buildRules = (
			);
			dependencies = (
			);
			name = ManhattanTravelApp;
			productName = ManhattanTravelApp;
			productReference = AA0000000000000000000009 /* ManhattanTravelApp.app */;
			productType = "com.apple.product-type.application";
		};
/* End PBXNativeTarget section */

/* Begin PBXProject section */
		AA0000000000000000000001 /* Project object */ = {
			isa = PBXProject;
			attributes = {
				BuildIndependentTargetsInParallel = 1;
				LastSwiftUpdateCheck = 1600;
				LastUpgradeCheck = 1600;
				TargetAttributes = {
					AA0000000000000000000008 = {
						CreatedOnToolsVersion = 16.0;
					};
				};
			};
			buildConfigurationList = AA000000000000000000000A /* Build configuration list for PBXProject "ManhattanTravelApp" */;
			compatibilityVersion = "Xcode 14.0";
			developmentRegion = en;
			hasScannedForEncodings = 0;
			knownRegions = (
				en,
				Base,
			);
			mainGroup = AA0000000000000000000002;
			productRefGroup = AA0000000000000000000003 /* Products */;
			projectDirPath = "";
			projectRoot = "";
			targets = (
				AA0000000000000000000008 /* ManhattanTravelApp */,
			);
		};
/* End PBXProject section */

/* Begin PBXResourcesBuildPhase section */
		AA0000000000000000000012 /* Resources */ = {
			isa = PBXResourcesBuildPhase;
			buildActionMask = 2147483647;
			files = (
				AA0000000000000000000032 /* Assets.xcassets in Resources */,
			);
			runOnlyForDeploymentPostprocessing = 0;
		};
/* End PBXResourcesBuildPhase section */

/* Begin PBXSourcesBuildPhase section */
		AA0000000000000000000010 /* Sources */ = {
			isa = PBXSourcesBuildPhase;
			buildActionMask = 2147483647;
			files = (
				143BDD6C2FF6CBF600C2E0A5 /* SelectablePOICard.swift in Sources */,
				DD00000000000000000000A2 /* OptimizedItinerary.swift in Sources */,
				DD00000000000000000000B2 /* OptimizingView.swift in Sources */,
				DD00000000000000000000C2 /* OptimizedItineraryView.swift in Sources */,
				143BDD592FF6AEE700C2E0A5 /* ItineraryListView.swift in Sources */,
				14B082782FF442CD002BCFDA /* PreviewData.swift in Sources */,
				145FA4752FEDD165008A435E /* NetworkError.swift in Sources */,
				14B0827A2FF46A47002BCFDA /* POIDetailViewModel.swift in Sources */,
				143BDD532FF6AB5A00C2E0A5 /* ItineraryService.swift in Sources */,
				A11D0000000000000000B001 /* AIModels.swift in Sources */,
				A11D0000000000000000B002 /* AIPlannerViewModel.swift in Sources */,
				A11D0000000000000000B003 /* AIPlannerView.swift in Sources */,
				A11D0000000000000000B004 /* AIPlannerService.swift in Sources */,
				145FA46F2FED9899008A435E /* POI.swift in Sources */,
				14ED6AD92FE96C2800DCEA7F /* AuthValidator.swift in Sources */,
				143BDD512FF687B300C2E0A5 /* Itinerary.swift in Sources */,
				DD0000000000000000000B02 /* GeneratedItinerary.swift in Sources */,
				DD0000000000000000000C02 /* LoggedOutPrompt.swift in Sources */,
				AA0000000000000000000030 /* ManhattanTravelAppApp.swift in Sources */,
				143BDD662FF6C15800C2E0A5 /* NewTripViewModel.swift in Sources */,
				14B082762FF34083002BCFDA /* CrowdForecast.swift in Sources */,
				AA0000000000000000000031 /* ContentView.swift in Sources */,
				149CEF1E2FFB3F84008B3D1C /* HTTPMethods.swift in Sources */,
				145FA4732FED9B44008A435E /* POIService.swift in Sources */,
				145FA4772FEDD413008A435E /* ExploreViewModel.swift in Sources */,
				14ED6ADD2FE9CBC800DCEA7F /* AuthService.swift in Sources */,
				143BDD782FF7139C00C2E0A5 /* SavedView.swift in Sources */,
				AA0000000000000000000033 /* User.swift in Sources */,
				143BDD552FF6AB8000C2E0A5 /* ItineraryViewModel.swift in Sources */,
				143BDD6E2FF6CF3800C2E0A5 /* ChoosePlacesView.swift in Sources */,
				1462181E2FFF83B400BE789B /* ItineraryDetailView.swift in Sources */,
				14221B9B2FE4422E00E22EFC /* LabeledField.swift in Sources */,
				AA0000000000000000000034 /* AuthManager.swift in Sources */,
				AA0000000000000000000035 /* LoginView.swift in Sources */,
				145E65103000C59500FC3ADC /* NewChoosePlaceView.swift in Sources */,
				141AED122FE0A56D005C60EB /* RegisterView.swift in Sources */,
				149CEF202FFB3FDF008B3D1C /* APIClient.swift in Sources */,
				14B082742FF33F79002BCFDA /* POIDetailView.swift in Sources */,
				14B082722FF31F01002BCFDA /* POIDetail.swift in Sources */,
				14ED6ADF2FEB251A00DCEA7F /* TokenStore.swift in Sources */,
				14ED6ADB2FE9CA0500DCEA7F /* AuthModels.swift in Sources */,
				AA0000000000000000000036 /* ProfileView.swift in Sources */,
				AA0000000000000000000037 /* MainTabView.swift in Sources */,
				143BDD682FF6C18C00C2E0A5 /* RangeCalendar.swift in Sources */,
				145FA47B2FEDD59F008A435E /* PlacesCard.swift in Sources */,
				143BDD3C2FF5AD7200C2E0A5 /* CachedImage.swift in Sources */,
				143BDD722FF6F97200C2E0A5 /* SavedPOIService.swift in Sources */,
				14AAAA022FEE0000008A435E /* OffpeakTheme.swift in Sources */,
				143BDD6A2FF6C1AC00C2E0A5 /* NewTripDatesView.swift in Sources */,
				145FA4792FEDD47F008A435E /* ExploreView.swift in Sources */,
				143BDD572FF6AE7700C2E0A5 /* ItineraryCard.swift in Sources */,
				143BDD762FF7052D00C2E0A5 /* SavedPOIStore.swift in Sources */,
				1462181C2FFF824100BE789B /* ItineraryDetailViewModel.swift in Sources */,
				145FA4712FED9A0C008A435E /* APIConfig.swift in Sources */,
			);
			runOnlyForDeploymentPostprocessing = 0;
		};
/* End PBXSourcesBuildPhase section */

/* Begin XCBuildConfiguration section */
		AA000000000000000000000B /* Debug */ = {
			isa = XCBuildConfiguration;
			buildSettings = {
				ALWAYS_SEARCH_USER_PATHS = NO;
				ASSETCATALOG_COMPILER_GENERATE_SWIFT_ASSET_SYMBOL_EXTENSIONS = YES;
				CLANG_ANALYZER_NONNULL = YES;
				CLANG_ANALYZER_NUMBER_OBJECT_CONVERSION = YES_AGGRESSIVE;
				CLANG_CXX_LANGUAGE_STANDARD = "gnu++20";
				CLANG_ENABLE_MODULES = YES;
				CLANG_ENABLE_OBJC_ARC = YES;
				CLANG_ENABLE_OBJC_WEAK = YES;
				CLANG_WARN_BLOCK_CAPTURE_AUTORELEASING = YES;
				CLANG_WARN_BOOL_CONVERSION = YES;
				CLANG_WARN_COMMA = YES;
				CLANG_WARN_CONSTANT_CONVERSION = YES;
				CLANG_WARN_DEPRECATED_OBJC_IMPLEMENTATIONS = YES;
				CLANG_WARN_DIRECT_OBJC_ISA_USAGE = YES_ERROR;
				CLANG_WARN_DOCUMENTATION_COMMENTS = YES;
				CLANG_WARN_EMPTY_BODY = YES;
				CLANG_WARN_ENUM_CONVERSION = YES;
				CLANG_WARN_INFINITE_RECURSION = YES;
				CLANG_WARN_INT_CONVERSION = YES;
				CLANG_WARN_NON_LITERAL_NULL_CONVERSION = YES;
				CLANG_WARN_OBJC_IMPLICIT_RETAIN_SELF = YES;
				CLANG_WARN_OBJC_LITERAL_CONVERSION = YES;
				CLANG_WARN_OBJC_ROOT_CLASS = YES_ERROR;
				CLANG_WARN_QUOTED_INCLUDE_IN_FRAMEWORK_HEADER = YES;
				CLANG_WARN_RANGE_LOOP_ANALYSIS = YES;
				CLANG_WARN_STRICT_PROTOTYPES = YES;
				CLANG_WARN_SUSPICIOUS_MOVE = YES;
				CLANG_WARN_UNGUARDED_AVAILABILITY = YES_AGGRESSIVE;
				CLANG_WARN_UNREACHABLE_CODE = YES;
				CLANG_WARN__DUPLICATE_METHOD_MATCH = YES;
				COPY_PHASE_STRIP = NO;
				DEBUG_INFORMATION_FORMAT = dwarf;
				ENABLE_STRICT_OBJC_MSGSEND = YES;
				ENABLE_TESTABILITY = YES;
				ENABLE_USER_SCRIPT_SANDBOXING = YES;
				GCC_C_LANGUAGE_STANDARD = gnu17;
				GCC_DYNAMIC_NO_PIC = NO;
				GCC_NO_COMMON_BLOCKS = YES;
				GCC_OPTIMIZATION_LEVEL = 0;
				GCC_PREPROCESSOR_DEFINITIONS = (
					"DEBUG=1",
					"$(inherited)",
				);
				GCC_WARN_64_TO_32_BIT_CONVERSION = YES;
				GCC_WARN_ABOUT_RETURN_TYPE = YES_ERROR;
				GCC_WARN_UNDECLARED_SELECTOR = YES;
				GCC_WARN_UNINITIALIZED_AUTOS = YES_AGGRESSIVE;
				GCC_WARN_UNUSED_FUNCTION = YES;
				GCC_WARN_UNUSED_VARIABLE = YES;
				IPHONEOS_DEPLOYMENT_TARGET = 26.0;
				MTL_ENABLE_DEBUG_INFO = INCLUDE_SOURCE;
				MTL_FAST_MATH = YES;
				ONLY_ACTIVE_ARCH = YES;
				SDKROOT = iphoneos;
				SWIFT_ACTIVE_COMPILATION_CONDITIONS = DEBUG;
				SWIFT_OPTIMIZATION_LEVEL = "-Onone";
			};
			name = Debug;
		};
		AA000000000000000000000C /* Release */ = {
			isa = XCBuildConfiguration;
			buildSettings = {
				ALWAYS_SEARCH_USER_PATHS = NO;
				ASSETCATALOG_COMPILER_GENERATE_SWIFT_ASSET_SYMBOL_EXTENSIONS = YES;
				CLANG_ANALYZER_NONNULL = YES;
				CLANG_ANALYZER_NUMBER_OBJECT_CONVERSION = YES_AGGRESSIVE;
				CLANG_CXX_LANGUAGE_STANDARD = "gnu++20";
				CLANG_ENABLE_MODULES = YES;
				CLANG_ENABLE_OBJC_ARC = YES;
				CLANG_ENABLE_OBJC_WEAK = YES;
				CLANG_WARN_BLOCK_CAPTURE_AUTORELEASING = YES;
				CLANG_WARN_BOOL_CONVERSION = YES;
				CLANG_WARN_COMMA = YES;
				CLANG_WARN_CONSTANT_CONVERSION = YES;
				CLANG_WARN_DEPRECATED_OBJC_IMPLEMENTATIONS = YES;
				CLANG_WARN_DIRECT_OBJC_ISA_USAGE = YES_ERROR;
				CLANG_WARN_DOCUMENTATION_COMMENTS = YES;
				CLANG_WARN_EMPTY_BODY = YES;
				CLANG_WARN_ENUM_CONVERSION = YES;
				CLANG_WARN_INFINITE_RECURSION = YES;
				CLANG_WARN_INT_CONVERSION = YES;
				CLANG_WARN_NON_LITERAL_NULL_CONVERSION = YES;
				CLANG_WARN_OBJC_IMPLICIT_RETAIN_SELF = YES;
				CLANG_WARN_OBJC_LITERAL_CONVERSION = YES;
				CLANG_WARN_OBJC_ROOT_CLASS = YES_ERROR;
				CLANG_WARN_QUOTED_INCLUDE_IN_FRAMEWORK_HEADER = YES;
				CLANG_WARN_RANGE_LOOP_ANALYSIS = YES;
				CLANG_WARN_STRICT_PROTOTYPES = YES;
				CLANG_WARN_SUSPICIOUS_MOVE = YES;
				CLANG_WARN_UNGUARDED_AVAILABILITY = YES_AGGRESSIVE;
				CLANG_WARN_UNREACHABLE_CODE = YES;
				CLANG_WARN__DUPLICATE_METHOD_MATCH = YES;
				COPY_PHASE_STRIP = NO;
				DEBUG_INFORMATION_FORMAT = "dwarf-with-dsym";
				ENABLE_NS_ASSERTIONS = NO;
				ENABLE_STRICT_OBJC_MSGSEND = YES;
				ENABLE_USER_SCRIPT_SANDBOXING = YES;
				GCC_C_LANGUAGE_STANDARD = gnu17;
				GCC_NO_COMMON_BLOCKS = YES;
				GCC_WARN_64_TO_32_BIT_CONVERSION = YES;
				GCC_WARN_ABOUT_RETURN_TYPE = YES_ERROR;
				GCC_WARN_UNDECLARED_SELECTOR = YES;
				GCC_WARN_UNINITIALIZED_AUTOS = YES_AGGRESSIVE;
				GCC_WARN_UNUSED_FUNCTION = YES;
				GCC_WARN_UNUSED_VARIABLE = YES;
				IPHONEOS_DEPLOYMENT_TARGET = 26.0;
				MTL_ENABLE_DEBUG_INFO = NO;
				MTL_FAST_MATH = YES;
				SDKROOT = iphoneos;
				SWIFT_COMPILATION_MODE = wholemodule;
				VALIDATE_PRODUCT = YES;
			};
			name = Release;
		};
		AA000000000000000000000E /* Debug */ = {
			isa = XCBuildConfiguration;
			buildSettings = {
				ASSETCATALOG_COMPILER_APPICON_NAME = AppIcon;
				ASSETCATALOG_COMPILER_GLOBAL_ACCENT_COLOR_NAME = AccentColor;
				CODE_SIGN_STYLE = Automatic;
				CURRENT_PROJECT_VERSION = 1;
				DEVELOPMENT_TEAM = CFKZC54C7Q;
				ENABLE_PREVIEWS = YES;
				GENERATE_INFOPLIST_FILE = YES;
				INFOPLIST_KEY_CFBundleDisplayName = OFFPEAK;
				INFOPLIST_KEY_UIApplicationSceneManifest_Generation = YES;
				INFOPLIST_KEY_UIApplicationSupportsIndirectInputEvents = YES;
				INFOPLIST_KEY_UILaunchScreen_Generation = YES;
				INFOPLIST_KEY_UISupportedInterfaceOrientations = UIInterfaceOrientationPortrait;
				INFOPLIST_KEY_UISupportedInterfaceOrientations_iPad = "UIInterfaceOrientationPortrait UIInterfaceOrientationPortraitUpsideDown UIInterfaceOrientationLandscapeLeft UIInterfaceOrientationLandscapeRight";
				LD_RUNPATH_SEARCH_PATHS = (
					"$(inherited)",
					"@executable_path/Frameworks",
				);
				MARKETING_VERSION = 1.1;
				PRODUCT_BUNDLE_IDENTIFIER = com.sean.offpeak;
				PRODUCT_NAME = "$(TARGET_NAME)";
				SWIFT_EMIT_LOC_STRINGS = YES;
				SWIFT_VERSION = 5.0;
				TARGETED_DEVICE_FAMILY = "1,2";
			};
			name = Debug;
		};
		AA000000000000000000000F /* Release */ = {
			isa = XCBuildConfiguration;
			buildSettings = {
				ASSETCATALOG_COMPILER_APPICON_NAME = AppIcon;
				ASSETCATALOG_COMPILER_GLOBAL_ACCENT_COLOR_NAME = AccentColor;
				CODE_SIGN_STYLE = Automatic;
				CURRENT_PROJECT_VERSION = 1;
				DEVELOPMENT_TEAM = CFKZC54C7Q;
				ENABLE_PREVIEWS = YES;
				GENERATE_INFOPLIST_FILE = YES;
				INFOPLIST_KEY_CFBundleDisplayName = OFFPEAK;
				INFOPLIST_KEY_UIApplicationSceneManifest_Generation = YES;
				INFOPLIST_KEY_UIApplicationSupportsIndirectInputEvents = YES;
				INFOPLIST_KEY_UILaunchScreen_Generation = YES;
				INFOPLIST_KEY_UISupportedInterfaceOrientations = UIInterfaceOrientationPortrait;
				INFOPLIST_KEY_UISupportedInterfaceOrientations_iPad = "UIInterfaceOrientationPortrait UIInterfaceOrientationPortraitUpsideDown UIInterfaceOrientationLandscapeLeft UIInterfaceOrientationLandscapeRight";
				LD_RUNPATH_SEARCH_PATHS = (
					"$(inherited)",
					"@executable_path/Frameworks",
				);
				MARKETING_VERSION = 1.1;
				PRODUCT_BUNDLE_IDENTIFIER = com.sean.offpeak;
				PRODUCT_NAME = "$(TARGET_NAME)";
				SWIFT_EMIT_LOC_STRINGS = YES;
				SWIFT_VERSION = 5.0;
				TARGETED_DEVICE_FAMILY = "1,2";
			};
			name = Release;
		};
/* End XCBuildConfiguration section */

/* Begin XCConfigurationList section */
		AA000000000000000000000A /* Build configuration list for PBXProject "ManhattanTravelApp" */ = {
			isa = XCConfigurationList;
			buildConfigurations = (
				AA000000000000000000000B /* Debug */,
				AA000000000000000000000C /* Release */,
			);
			defaultConfigurationIsVisible = 0;
			defaultConfigurationName = Release;
		};
		AA000000000000000000000D /* Build configuration list for PBXNativeTarget "ManhattanTravelApp" */ = {
			isa = XCConfigurationList;
			buildConfigurations = (
				AA000000000000000000000E /* Debug */,
				AA000000000000000000000F /* Release */,
			);
			defaultConfigurationIsVisible = 0;
			defaultConfigurationName = Release;
		};
/* End XCConfigurationList section */
	};
	rootObject = AA0000000000000000000001 /* Project object */;
}
